
Microsoft Visual Studio Solution File, Format Version 12.00
# Visual Studio 15
VisualStudioVersion = 15.0.28010.2026
MinimumVisualStudioVersion = 10.0.40219.1
Project("{FAE04EC0-301F-11D3-BF4B-00C04F79EFBC}") = "Notificationhubs.PNSFeedback", "PNSFeedback\Notificationhubs.PNSFeedback.csproj", "{7ADA68E2-F84D-4823-B914-B7FEDE6712AF}"
EndProject
Project("{FAE04EC0-301F-11D3-BF4B-00C04F79EFBC}") = "NugetConsole", "NugetConsole\NugetConsole.csproj", "{F4C8F185-B065-4F7D-960C-9BB2CE39F613}"
EndProject
Global
	GlobalSection(SolutionConfigurationPlatforms) = preSolution
		Debug|Any CPU = Debug|Any CPU
		Release|Any CPU = Release|Any CPU
	EndGlobalSection
	GlobalSection(ProjectConfigurationPlatforms) = postSolution
		{7ADA68E2-F84D-4823-B914-B7FEDE6712AF}.Debug|Any CPU.ActiveCfg = Debug|Any CPU
		{7ADA68E2-F84D-4823-B914-B7FEDE6712AF}.Debug|Any CPU.Build.0 = Debug|Any CPU
		{7ADA68E2-F84D-4823-B914-B7FEDE6712AF}.Release|Any CPU.ActiveCfg = Release|Any CPU
		{7ADA68E2-F84D-4823-B914-B7FEDE6712AF}.Release|Any CPU.Build.0 = Release|Any CPU
		{F4C8F185-B065-4F7D-960C-9BB2CE39F613}.Debug|Any CPU.ActiveCfg = Debug|Any CPU
		{F4C8F185-B065-4F7D-960C-9BB2CE39F613}.Debug|Any CPU.Build.0 = Debug|Any CPU
		{F4C8F185-B065-4F7D-960C-9BB2CE39F613}.Release|Any CPU.ActiveCfg = Release|Any CPU
		{F4C8F185-B065-4F7D-960C-9BB2CE39F613}.Release|Any CPU.Build.0 = Release|Any CPU
	EndGlobalSection
	GlobalSection(SolutionProperties) = preSolution
		HideSolutionNode = FALSE
	EndGlobalSection
	GlobalSection(ExtensibilityGlobals) = postSolution
		SolutionGuid = {50858B66-71DA-49C2-93E1-9770056FE312}
	EndGlobalSection
EndGlobal
